
Microsoft Visual Studio Solution File, Format Version 12.00
# Visual Studio Version 17
VisualStudioVersion = 17.8.34322.80
MinimumVisualStudioVersion = 10.0.40219.1
Project("{2150E333-8FDC-42A3-9474-1A3956D46DE8}") = "3-Domain", "3-Domain", "{CDBB96D0-EB5A-48CE-AE0A-CF80B276B06C}"
EndProject
Project("{9A19103F-16F7-4668-BE54-9A1E7A4F7556}") = "Up4All.Framework.MessageBus.Abstractions", "src\Up4All.Framework.MessageBus.Abstractions\Up4All.Framework.MessageBus.Abstractions.csproj", "{80D648AB-18CB-496C-9690-A9996E1D261C}"
EndProject
Project("{2150E333-8FDC-42A3-9474-1A3956D46DE8}") = "4-Infrastructure", "4-Infrastructure", "{75FCCFDF-512C-4AFD-8F2B-38B07E65D9E8}"
EndProject
Project("{9A19103F-16F7-4668-BE54-9A1E7A4F7556}") = "Up4All.Framework.MessageBus.RabbitMQ", "src\Up4All.Framework.MessageBus.RabbitMQ\Up4All.Framework.MessageBus.RabbitMQ.csproj", "{D7FB7803-393E-4E9E-8563-35FF9B016334}"
EndProject
Project("{9A19103F-16F7-4668-BE54-9A1E7A4F7556}") = "Up4All.Framework.MessageBus.ServiceBus", "src\Up4All.Framework.MessageBus.ServiceBus\Up4All.Framework.MessageBus.ServiceBus.csproj", "{A14A6A71-FCBE-43C0-9BAA-DF9AAC9E5D36}"
EndProject
Project("{2150E333-8FDC-42A3-9474-1A3956D46DE8}") = "6-Tests", "6-Tests", "{7CB8F5AA-ADF1-403F-BF48-B2F048159676}"
EndProject
Project("{9A19103F-16F7-4668-BE54-9A1E7A4F7556}") = "Up4All.Framework.MessageBus.Mocks", "tests\Up4All.Framework.MessageBus.Mocks\Up4All.Framework.MessageBus.Mocks.csproj", "{7403825B-9CA1-4F1B-8A79-0BE91049E014}"
EndProject
Project("{FAE04EC0-301F-11D3-BF4B-00C04F79EFBC}") = "Up4All.Framework.MessageBus.Tests", "Up4All.Framework.MessageBus.Tests\Up4All.Framework.MessageBus.Tests.csproj", "{A4D9F311-81B2-4EEB-B3B4-37F03BF18D27}"
EndProject
Global
	GlobalSection(SolutionConfigurationPlatforms) = preSolution
		Debug|Any CPU = Debug|Any CPU
		Release|Any CPU = Release|Any CPU
	EndGlobalSection
	GlobalSection(ProjectConfigurationPlatforms) = postSolution
		{80D648AB-18CB-496C-9690-A9996E1D261C}.Debug|Any CPU.ActiveCfg = Debug|Any CPU
		{80D648AB-18CB-496C-9690-A9996E1D261C}.Debug|Any CPU.Build.0 = Debug|Any CPU
		{80D648AB-18CB-496C-9690-A9996E1D261C}.Release|Any CPU.ActiveCfg = Release|Any CPU
		{80D648AB-18CB-496C-9690-A9996E1D261C}.Release|Any CPU.Build.0 = Release|Any CPU
		{D7FB7803-393E-4E9E-8563-35FF9B016334}.Debug|Any CPU.ActiveCfg = Debug|Any CPU
		{D7FB7803-393E-4E9E-8563-35FF9B016334}.Debug|Any CPU.Build.0 = Debug|Any CPU
		{D7FB7803-393E-4E9E-8563-35FF9B016334}.Release|Any CPU.ActiveCfg = Release|Any CPU
		{D7FB7803-393E-4E9E-8563-35FF9B016334}.Release|Any CPU.Build.0 = Release|Any CPU
		{A14A6A71-FCBE-43C0-9BAA-DF9AAC9E5D36}.Debug|Any CPU.ActiveCfg = Debug|Any CPU
		{A14A6A71-FCBE-43C0-9BAA-DF9AAC9E5D36}.Debug|Any CPU.Build.0 = Debug|Any CPU
		{A14A6A71-FCBE-43C0-9BAA-DF9AAC9E5D36}.Release|Any CPU.ActiveCfg = Release|Any CPU
		{A14A6A71-FCBE-43C0-9BAA-DF9AAC9E5D36}.Release|Any CPU.Build.0 = Release|Any CPU
		{7403825B-9CA1-4F1B-8A79-0BE91049E014}.Debug|Any CPU.ActiveCfg = Debug|Any CPU
		{7403825B-9CA1-4F1B-8A79-0BE91049E014}.Debug|Any CPU.Build.0 = Debug|Any CPU
		{7403825B-9CA1-4F1B-8A79-0BE91049E014}.Release|Any CPU.ActiveCfg = Release|Any CPU
		{7403825B-9CA1-4F1B-8A79-0BE91049E014}.Release|Any CPU.Build.0 = Release|Any CPU
		{A4D9F311-81B2-4EEB-B3B4-37F03BF18D27}.Debug|Any CPU.ActiveCfg = Debug|Any CPU
		{A4D9F311-81B2-4EEB-B3B4-37F03BF18D27}.Debug|Any CPU.Build.0 = Debug|Any CPU
		{A4D9F311-81B2-4EEB-B3B4-37F03BF18D27}.Release|Any CPU.ActiveCfg = Release|Any CPU
		{A4D9F311-81B2-4EEB-B3B4-37F03BF18D27}.Release|Any CPU.Build.0 = Release|Any CPU
	EndGlobalSection
	GlobalSection(SolutionProperties) = preSolution
		HideSolutionNode = FALSE
	EndGlobalSection
	GlobalSection(NestedProjects) = preSolution
		{80D648AB-18CB-496C-9690-A9996E1D261C} = {CDBB96D0-EB5A-48CE-AE0A-CF80B276B06C}
		{D7FB7803-393E-4E9E-8563-35FF9B016334} = {75FCCFDF-512C-4AFD-8F2B-38B07E65D9E8}
		{A14A6A71-FCBE-43C0-9BAA-DF9AAC9E5D36} = {75FCCFDF-512C-4AFD-8F2B-38B07E65D9E8}
		{7403825B-9CA1-4F1B-8A79-0BE91049E014} = {7CB8F5AA-ADF1-403F-BF48-B2F048159676}
		{A4D9F311-81B2-4EEB-B3B4-37F03BF18D27} = {7CB8F5AA-ADF1-403F-BF48-B2F048159676}
	EndGlobalSection
	GlobalSection(ExtensibilityGlobals) = postSolution
		SolutionGuid = {C1A6D398-42DF-4648-92E9-537113A8B3CF}
	EndGlobalSection
EndGlobal
